
Microsoft Visual Studio Solution File, Format Version 12.00
# Visual Studio 14
VisualStudioVersion = 14.0.24720.0
MinimumVisualStudioVersion = 10.0.40219.1
Project("{FAE04EC0-301F-11D3-BF4B-00C04F79EFBC}") = "SocialNetwork.Domain", "SocialNetwork.Domain\SocialNetwork.Domain.csproj", "{BDEBA062-CF08-4936-A521-91DECB2C3033}"
EndProject
Project("{FAE04EC0-301F-11D3-BF4B-00C04F79EFBC}") = "SocialNetwork.WebUi", "SocialNetwork.WebUi\SocialNetwork.WebUi.csproj", "{F4B1D259-E6D8-44DD-B162-019D5B7A9B2A}"
EndProject
Global
	GlobalSection(SolutionConfigurationPlatforms) = preSolution
		Debug|Any CPU = Debug|Any CPU
		Release|Any CPU = Release|Any CPU
	EndGlobalSection
	GlobalSection(ProjectConfigurationPlatforms) = postSolution
		{BDEBA062-CF08-4936-A521-91DECB2C3033}.Debug|Any CPU.ActiveCfg = Debug|Any CPU
		{BDEBA062-CF08-4936-A521-91DECB2C3033}.Debug|Any CPU.Build.0 = Debug|Any CPU
		{BDEBA062-CF08-4936-A521-91DECB2C3033}.Release|Any CPU.ActiveCfg = Release|Any CPU
		{BDEBA062-CF08-4936-A521-91DECB2C3033}.Release|Any CPU.Build.0 = Release|Any CPU
		{F4B1D259-E6D8-44DD-B162-019D5B7A9B2A}.Debug|Any CPU.ActiveCfg = Debug|Any CPU
		{F4B1D259-E6D8-44DD-B162-019D5B7A9B2A}.Debug|Any CPU.Build.0 = Debug|Any CPU
		{F4B1D259-E6D8-44DD-B162-019D5B7A9B2A}.Release|Any CPU.ActiveCfg = Release|Any CPU
		{F4B1D259-E6D8-44DD-B162-019D5B7A9B2A}.Release|Any CPU.Build.0 = Release|Any CPU
	EndGlobalSection
	GlobalSection(SolutionProperties) = preSolution
		HideSolutionNode = FALSE
	EndGlobalSection
EndGlobal
